// !$*UTF8*$!
{
	archiveVersion = 1;
	classes = {
	};
	objectVersion = 55;
	objects = {

/* Begin PBXBuildFile section */
		DF2B2F0C2829703F00C4BE75 /* WriteDiaryViewController.swift in Sources */ = {isa = PBXBuildFile; fileRef = DF2B2F0B2829703F00C4BE75 /* WriteDiaryViewController.swift */; };
		DF2B2F0E2829709500C4BE75 /* DiaryDetailViewController.swift in Sources */ = {isa = PBXBuildFile; fileRef = DF2B2F0D2829709400C4BE75 /* DiaryDetailViewController.swift */; };
		DF498A09282D081A0084F164 /* Diary.swift in Sources */ = {isa = PBXBuildFile; fileRef = DF498A08282D081A0084F164 /* Diary.swift */; };
		DF7024F12829666100E91C06 /* AppDelegate.swift in Sources */ = {isa = PBXBuildFile; fileRef = DF7024F02829666100E91C06 /* AppDelegate.swift */; };
		DF7024F32829666100E91C06 /* SceneDelegate.swift in Sources */ = {isa = PBXBuildFile; fileRef = DF7024F22829666100E91C06 /* SceneDelegate.swift */; };
		DF7024F52829666100E91C06 /* ViewController.swift in Sources */ = {isa = PBXBuildFile; fileRef = DF7024F42829666100E91C06 /* ViewController.swift */; };
		DF7024F82829666100E91C06 /* Main.storyboard in Resources */ = {isa = PBXBuildFile; fileRef = DF7024F62829666100E91C06 /* Main.storyboard */; };
		DF7024FA2829666200E91C06 /* Assets.xcassets in Resources */ = {isa = PBXBuildFile; fileRef = DF7024F92829666200E91C06 /* Assets.xcassets */; };
		DF7024FD2829666200E91C06 /* LaunchScreen.storyboard in Resources */ = {isa = PBXBuildFile; fileRef = DF7024FB2829666200E91C06 /* LaunchScreen.storyboard */; };
		DF70250528296AB300E91C06 /* DiaryCell.swift in Sources */ = {isa = PBXBuildFile; fileRef = DF70250428296AB300E91C06 /* DiaryCell.swift */; };
		DF70250728296B1000E91C06 /* StarViewController.swift in Sources */ = {isa = PBXBuildFile; fileRef = DF70250628296B1000E91C06 /* StarViewController.swift */; };
		DF70250928296C7C00E91C06 /* StarCell.swift in Sources */ = {isa = PBXBuildFile; fileRef = DF70250828296C7C00E91C06 /* StarCell.swift */; };
/* End PBXBuildFile section */

/* Begin PBXFileReference section */
		DF2B2F0B2829703F00C4BE75 /* WriteDiaryViewController.swift */ = {isa = PBXFileReference; lastKnownFileType = sourcecode.swift; path = WriteDiaryViewController.swift; sourceTree = "<group>"; };
		DF2B2F0D2829709400C4BE75 /* DiaryDetailViewController.swift */ = {isa = PBXFileReference; lastKnownFileType = sourcecode.swift; path = DiaryDetailViewController.swift; sourceTree = "<group>"; };
		DF498A08282D081A0084F164 /* Diary.swift */ = {isa = PBXFileReference; lastKnownFileType = sourcecode.swift; path = Diary.swift; sourceTree = "<group>"; };
		DF7024ED2829666100E91C06 /* Diary.app */ = {isa = PBXFileReference; explicitFileType = wrapper.application; includeInIndex = 0; path = Diary.app; sourceTree = BUILT_PRODUCTS_DIR; };
		DF7024F02829666100E91C06 /* AppDelegate.swift */ = {isa = PBXFileReference; lastKnownFileType = sourcecode.swift; path = AppDelegate.swift; sourceTree = "<group>"; };
		DF7024F22829666100E91C06 /* SceneDelegate.swift */ = {isa = PBXFileReference; lastKnownFileType = sourcecode.swift; path = SceneDelegate.swift; sourceTree = "<group>"; };
		DF7024F42829666100E91C06 /* ViewController.swift */ = {isa = PBXFileReference; lastKnownFileType = sourcecode.swift; path = ViewController.swift; sourceTree = "<group>"; };
		DF7024F72829666100E91C06 /* Base */ = {isa = PBXFileReference; lastKnownFileType = file.storyboard; name = Base; path = Base.lproj/Main.storyboard; sourceTree = "<group>"; };
		DF7024F92829666200E91C06 /* Assets.xcassets */ = {isa = PBXFileReference; lastKnownFileType = folder.assetcatalog; path = Assets.xcassets; sourceTree = "<group>"; };
		DF7024FC2829666200E91C06 /* Base */ = {isa = PBXFileReference; lastKnownFileType = file.storyboard; name = Base; path = Base.lproj/LaunchScreen.storyboard; sourceTree = "<group>"; };
		DF7024FE2829666200E91C06 /* Info.plist */ = {isa = PBXFileReference; lastKnownFileType = text.plist.xml; path = Info.plist; sourceTree = "<group>"; };
		DF70250428296AB300E91C06 /* DiaryCell.swift */ = {isa = PBXFileReference; lastKnownFileType = sourcecode.swift; path = DiaryCell.swift; sourceTree = "<group>"; };
		DF70250628296B1000E91C06 /* StarViewController.swift */ = {isa = PBXFileReference; lastKnownFileType = sourcecode.swift; path = StarViewController.swift; sourceTree = "<group>"; };
		DF70250828296C7C00E91C06 /* StarCell.swift */ = {isa = PBXFileReference; lastKnownFileType = sourcecode.swift; path = StarCell.swift; sourceTree = "<group>"; };
/* End PBXFileReference section */

/* Begin PBXFrameworksBuildPhase section */
		DF7024EA2829666100E91C06 /* Frameworks */ = {
			isa = PBXFrameworksBuildPhase;
			buildActionMask = 2147483647;
			files = (
			);
			runOnlyForDeploymentPostprocessing = 0;
		};
/* End PBXFrameworksBuildPhase section */

/* Begin PBXGroup section */
		DF7024E42829666000E91C06 = {
			isa = PBXGroup;
			children = (
				DF7024EF2829666100E91C06 /* Diary */,
				DF7024EE2829666100E91C06 /* Products */,
			);
			sourceTree = "<group>";
		};
		DF7024EE2829666100E91C06 /* Products */ = {
			isa = PBXGroup;
			children = (
				DF7024ED2829666100E91C06 /* Diary.app */,
			);
			name = Products;
			sourceTree = "<group>";
		};
		DF7024EF2829666100E91C06 /* Diary */ = {
			isa = PBXGroup;
			children = (
				DF7024F02829666100E91C06 /* AppDelegate.swift */,
				DF7024F22829666100E91C06 /* SceneDelegate.swift */,
				DF7024F42829666100E91C06 /* ViewController.swift */,
				DF7024F62829666100E91C06 /* Main.storyboard */,
				DF70250428296AB300E91C06 /* DiaryCell.swift */,
				DF7024F92829666200E91C06 /* Assets.xcassets */,
				DF7024FB2829666200E91C06 /* LaunchScreen.storyboard */,
				DF7024FE2829666200E91C06 /* Info.plist */,
				DF70250628296B1000E91C06 /* StarViewController.swift */,
				DF70250828296C7C00E91C06 /* StarCell.swift */,
				DF2B2F0B2829703F00C4BE75 /* WriteDiaryViewController.swift */,
				DF2B2F0D2829709400C4BE75 /* DiaryDetailViewController.swift */,
				DF498A08282D081A0084F164 /* Diary.swift */,
			);
			path = Diary;
			sourceTree = "<group>";
		};
/* End PBXGroup section */

/* Begin PBXNativeTarget section */
		DF7024EC2829666100E91C06 /* Diary */ = {
			isa = PBXNativeTarget;
			buildConfigurationList = DF7025012829666200E91C06 /* Build configuration list for PBXNativeTarget "Diary" */;
			buildPhases = (
				DF7024E92829666100E91C06 /* Sources */,
				DF7024EA2829666100E91C06 /* Frameworks */,
				DF7024EB2829666100E91C06 /* Resources */,
			);
			buildRules = (
			);
			dependencies = (
			);
			name = Diary;
			productName = Diary;
			productReference = DF7024ED2829666100E91C06 /* Diary.app */;
			productType = "com.apple.product-type.application";
		};
/* End PBXNativeTarget section */

/* Begin PBXProject section */
		DF7024E52829666000E91C06 /* Project object */ = {
			isa = PBXProject;
			attributes = {
				BuildIndependentTargetsInParallel = 1;
				LastSwiftUpdateCheck = 1330;
				LastUpgradeCheck = 1330;
				TargetAttributes = {
					DF7024EC2829666100E91C06 = {
						CreatedOnToolsVersion = 13.3.1;
					};
				};
			};
			buildConfigurationList = DF7024E82829666000E91C06 /* Build configuration list for PBXProject "Diary" */;
			compatibilityVersion = "Xcode 13.0";
			developmentRegion = en;
			hasScannedForEncodings = 0;
			knownRegions = (
				en,
				Base,
			);
			mainGroup = DF7024E42829666000E91C06;
			productRefGroup = DF7024EE2829666100E91C06 /* Products */;
			projectDirPath = "";
			projectRoot = "";
			targets = (
				DF7024EC2829666100E91C06 /* Diary */,
			);
		};
/* End PBXProject section */

/* Begin PBXResourcesBuildPhase section */
		DF7024EB2829666100E91C06 /* Resources */ = {
			isa = PBXResourcesBuildPhase;
			buildActionMask = 2147483647;
			files = (
				DF7024FD2829666200E91C06 /* LaunchScreen.storyboard in Resources */,
				DF7024FA2829666200E91C06 /* Assets.xcassets in Resources */,
				DF7024F82829666100E91C06 /* Main.storyboard in Resources */,
			);
			runOnlyForDeploymentPostprocessing = 0;
		};
/* End PBXResourcesBuildPhase section */

/* Begin PBXSourcesBuildPhase section */
		DF7024E92829666100E91C06 /* Sources */ = {
			isa = PBXSourcesBuildPhase;
			buildActionMask = 2147483647;
			files = (
				DF7024F52829666100E91C06 /* ViewController.swift in Sources */,
				DF2B2F0C2829703F00C4BE75 /* WriteDiaryViewController.swift in Sources */,
				DF70250928296C7C00E91C06 /* StarCell.swift in Sources */,
				DF7024F12829666100E91C06 /* AppDelegate.swift in Sources */,
				DF7024F32829666100E91C06 /* SceneDelegate.swift in Sources */,
				DF498A09282D081A0084F164 /* Diary.swift in Sources */,
				DF2B2F0E2829709500C4BE75 /* DiaryDetailViewController.swift in Sources */,
				DF70250528296AB300E91C06 /* DiaryCell.swift in Sources */,
				DF70250728296B1000E91C06 /* StarViewController.swift in Sources */,
			);
			runOnlyForDeploymentPostprocessing = 0;
		};
/* End PBXSourcesBuildPhase section */

/* Begin PBXVariantGroup section */
		DF7024F62829666100E91C06 /* Main.storyboard */ = {
			isa = PBXVariantGroup;
			children = (
				DF7024F72829666100E91C06 /* Base */,
			);
			name = Main.storyboard;
			sourceTree = "<group>";
		};
		DF7024FB2829666200E91C06 /* LaunchScreen.storyboard */ = {
			isa = PBXVariantGroup;
			children = (
				DF7024FC2829666200E91C06 /* Base */,
			);
			name = LaunchScreen.storyboard;
			sourceTree = "<group>";
		};
/* End PBXVariantGroup section */

/* Begin XCBuildConfiguration section */
		DF7024FF2829666200E91C06 /* Debug */ = {
			isa = XCBuildConfiguration;
			buildSettings = {
				ALWAYS_SEARCH_USER_PATHS = NO;
				CLANG_ANALYZER_NONNULL = YES;
				CLANG_ANALYZER_NUMBER_OBJECT_CONVERSION = YES_AGGRESSIVE;
				CLANG_CXX_LANGUAGE_STANDARD = "gnu++17";
				CLANG_ENABLE_MODULES = YES;
				CLANG_ENABLE_OBJC_ARC = YES;
				CLANG_ENABLE_OBJC_WEAK = YES;
				CLANG_WARN_BLOCK_CAPTURE_AUTORELEASING = YES;
				CLANG_WARN_BOOL_CONVERSION = YES;
				CLANG_WARN_COMMA = YES;
				CLANG_WARN_CONSTANT_CONVERSION = YES;
				CLANG_WARN_DEPRECATED_OBJC_IMPLEMENTATIONS = YES;
				CLANG_WARN_DIRECT_OBJC_ISA_USAGE = YES_ERROR;
				CLANG_WARN_DOCUMENTATION_COMMENTS = YES;
				CLANG_WARN_EMPTY_BODY = YES;
				CLANG_WARN_ENUM_CONVERSION = YES;
				CLANG_WARN_INFINITE_RECURSION = YES;
				CLANG_WARN_INT_CONVERSION = YES;
				CLANG_WARN_NON_LITERAL_NULL_CONVERSION = YES;
				CLANG_WARN_OBJC_IMPLICIT_RETAIN_SELF = YES;
				CLANG_WARN_OBJC_LITERAL_CONVERSION = YES;
				CLANG_WARN_OBJC_ROOT_CLASS = YES_ERROR;
				CLANG_WARN_QUOTED_INCLUDE_IN_FRAMEWORK_HEADER = YES;
				CLANG_WARN_RANGE_LOOP_ANALYSIS = YES;
				CLANG_WARN_STRICT_PROTOTYPES = YES;
				CLANG_WARN_SUSPICIOUS_MOVE = YES;
				CLANG_WARN_UNGUARDED_AVAILABILITY = YES_AGGRESSIVE;
				CLANG_WARN_UNREACHABLE_CODE = YES;
				CLANG_WARN__DUPLICATE_METHOD_MATCH = YES;
				COPY_PHASE_STRIP = NO;
				DEBUG_INFORMATION_FORMAT = dwarf;
				ENABLE_STRICT_OBJC_MSGSEND = YES;
				ENABLE_TESTABILITY = YES;
				GCC_C_LANGUAGE_STANDARD = gnu11;
				GCC_DYNAMIC_NO_PIC = NO;
				GCC_NO_COMMON_BLOCKS = YES;
				GCC_OPTIMIZATION_LEVEL = 0;
				GCC_PREPROCESSOR_DEFINITIONS = (
					"DEBUG=1",
					"$(inherited)",
				);
				GCC_WARN_64_TO_32_BIT_CONVERSION = YES;
				GCC_WARN_ABOUT_RETURN_TYPE = YES_ERROR;
				GCC_WARN_UNDECLARED_SELECTOR = YES;
				GCC_WARN_UNINITIALIZED_AUTOS = YES_AGGRESSIVE;
				GCC_WARN_UNUSED_FUNCTION = YES;
				GCC_WARN_UNUSED_VARIABLE = YES;
				IPHONEOS_DEPLOYMENT_TARGET = 15.4;
				MTL_ENABLE_DEBUG_INFO = INCLUDE_SOURCE;
				MTL_FAST_MATH = YES;
				ONLY_ACTIVE_ARCH = YES;
				SDKROOT = iphoneos;
				SWIFT_ACTIVE_COMPILATION_CONDITIONS = DEBUG;
				SWIFT_OPTIMIZATION_LEVEL = "-Onone";
			};
			name = Debug;
		};
		DF7025002829666200E91C06 /* Release */ = {
			isa = XCBuildConfiguration;
			buildSettings = {
				ALWAYS_SEARCH_USER_PATHS = NO;
				CLANG_ANALYZER_NONNULL = YES;
				CLANG_ANALYZER_NUMBER_OBJECT_CONVERSION = YES_AGGRESSIVE;
				CLANG_CXX_LANGUAGE_STANDARD = "gnu++17";
				CLANG_ENABLE_MODULES = YES;
				CLANG_ENABLE_OBJC_ARC = YES;
				CLANG_ENABLE_OBJC_WEAK = YES;
				CLANG_WARN_BLOCK_CAPTURE_AUTORELEASING = YES;
				CLANG_WARN_BOOL_CONVERSION = YES;
				CLANG_WARN_COMMA = YES;
				CLANG_WARN_CONSTANT_CONVERSION = YES;
				CLANG_WARN_DEPRECATED_OBJC_IMPLEMENTATIONS = YES;
				CLANG_WARN_DIRECT_OBJC_ISA_USAGE = YES_ERROR;
				CLANG_WARN_DOCUMENTATION_COMMENTS = YES;
				CLANG_WARN_EMPTY_BODY = YES;
				CLANG_WARN_ENUM_CONVERSION = YES;
				CLANG_WARN_INFINITE_RECURSION = YES;
				CLANG_WARN_INT_CONVERSION = YES;
				CLANG_WARN_NON_LITERAL_NULL_CONVERSION = YES;
				CLANG_WARN_OBJC_IMPLICIT_RETAIN_SELF = YES;
				CLANG_WARN_OBJC_LITERAL_CONVERSION = YES;
				CLANG_WARN_OBJC_ROOT_CLASS = YES_ERROR;
				CLANG_WARN_QUOTED_INCLUDE_IN_FRAMEWORK_HEADER = YES;
				CLANG_WARN_RANGE_LOOP_ANALYSIS = YES;
				CLANG_WARN_STRICT_PROTOTYPES = YES;
				CLANG_WARN_SUSPICIOUS_MOVE = YES;
				CLANG_WARN_UNGUARDED_AVAILABILITY = YES_AGGRESSIVE;
				CLANG_WARN_UNREACHABLE_CODE = YES;
				CLANG_WARN__DUPLICATE_METHOD_MATCH = YES;
				COPY_PHASE_STRIP = NO;
				DEBUG_INFORMATION_FORMAT = "dwarf-with-dsym";
				ENABLE_NS_ASSERTIONS = NO;
				ENABLE_STRICT_OBJC_MSGSEND = YES;
				GCC_C_LANGUAGE_STANDARD = gnu11;
				GCC_NO_COMMON_BLOCKS = YES;
				GCC_WARN_64_TO_32_BIT_CONVERSION = YES;
				GCC_WARN_ABOUT_RETURN_TYPE = YES_ERROR;
				GCC_WARN_UNDECLARED_SELECTOR = YES;
				GCC_WARN_UNINITIALIZED_AUTOS = YES_AGGRESSIVE;
				GCC_WARN_UNUSED_FUNCTION = YES;
				GCC_WARN_UNUSED_VARIABLE = YES;
				IPHONEOS_DEPLOYMENT_TARGET = 15.4;
				MTL_ENABLE_DEBUG_INFO = NO;
				MTL_FAST_MATH = YES;
				SDKROOT = iphoneos;
				SWIFT_COMPILATION_MODE = wholemodule;
				SWIFT_OPTIMIZATION_LEVEL = "-O";
				VALIDATE_PRODUCT = YES;
			};
			name = Release;
		};
		DF7025022829666200E91C06 /* Debug */ = {
			isa = XCBuildConfiguration;
			buildSettings = {
				ASSETCATALOG_COMPILER_APPICON_NAME = AppIcon;
				ASSETCATALOG_COMPILER_GLOBAL_ACCENT_COLOR_NAME = AccentColor;
				CODE_SIGN_STYLE = Automatic;
				CURRENT_PROJECT_VERSION = 1;
				DEVELOPMENT_TEAM = 3DV9BK678A;
				GENERATE_INFOPLIST_FILE = YES;
				INFOPLIST_FILE = Diary/Info.plist;
				INFOPLIST_KEY_UIApplicationSupportsIndirectInputEvents = YES;
				INFOPLIST_KEY_UILaunchStoryboardName = LaunchScreen;
				INFOPLIST_KEY_UIMainStoryboardFile = Main;
				INFOPLIST_KEY_UISupportedInterfaceOrientations_iPad = "UIInterfaceOrientationPortrait UIInterfaceOrientationPortraitUpsideDown UIInterfaceOrientationLandscapeLeft UIInterfaceOrientationLandscapeRight";
				INFOPLIST_KEY_UISupportedInterfaceOrientations_iPhone = "UIInterfaceOrientationPortrait UIInterfaceOrientationLandscapeLeft UIInterfaceOrientationLandscapeRight";
				LD_RUNPATH_SEARCH_PATHS = (
					"$(inherited)",
					"@executable_path/Frameworks",
				);
				MARKETING_VERSION = 1.0;
				PRODUCT_BUNDLE_IDENTIFIER = com.kimdindoo.Diary;
				PRODUCT_NAME = "$(TARGET_NAME)";
				SWIFT_EMIT_LOC_STRINGS = YES;
				SWIFT_VERSION = 5.0;
				TARGETED_DEVICE_FAMILY = "1,2";
			};
			name = Debug;
		};
		DF7025032829666200E91C06 /* Release */ = {
			isa = XCBuildConfiguration;
			buildSettings = {
				ASSETCATALOG_COMPILER_APPICON_NAME = AppIcon;
				ASSETCATALOG_COMPILER_GLOBAL_ACCENT_COLOR_NAME = AccentColor;
				CODE_SIGN_STYLE = Automatic;
				CURRENT_PROJECT_VERSION = 1;
				DEVELOPMENT_TEAM = 3DV9BK678A;
				GENERATE_INFOPLIST_FILE = YES;
				INFOPLIST_FILE = Diary/Info.plist;
				INFOPLIST_KEY_UIApplicationSupportsIndirectInputEvents = YES;
				INFOPLIST_KEY_UILaunchStoryboardName = LaunchScreen;
				INFOPLIST_KEY_UIMainStoryboardFile = Main;
				INFOPLIST_KEY_UISupportedInterfaceOrientations_iPad = "UIInterfaceOrientationPortrait UIInterfaceOrientationPortraitUpsideDown UIInterfaceOrientationLandscapeLeft UIInterfaceOrientationLandscapeRight";
				INFOPLIST_KEY_UISupportedInterfaceOrientations_iPhone = "UIInterfaceOrientationPortrait UIInterfaceOrientationLandscapeLeft UIInterfaceOrientationLandscapeRight";
				LD_RUNPATH_SEARCH_PATHS = (
					"$(inherited)",
					"@executable_path/Frameworks",
				);
				MARKETING_VERSION = 1.0;
				PRODUCT_BUNDLE_IDENTIFIER = com.kimdindoo.Diary;
				PRODUCT_NAME = "$(TARGET_NAME)";
				SWIFT_EMIT_LOC_STRINGS = YES;
				SWIFT_VERSION = 5.0;
				TARGETED_DEVICE_FAMILY = "1,2";
			};
			name = Release;
		};
/* End XCBuildConfiguration section */

/* Begin XCConfigurationList section */
		DF7024E82829666000E91C06 /* Build configuration list for PBXProject "Diary" */ = {
			isa = XCConfigurationList;
			buildConfigurations = (
				DF7024FF2829666200E91C06 /* Debug */,
				DF7025002829666200E91C06 /* Release */,
			);
			defaultConfigurationIsVisible = 0;
			defaultConfigurationName = Release;
		};
		DF7025012829666200E91C06 /* Build configuration list for PBXNativeTarget "Diary" */ = {
			isa = XCConfigurationList;
			buildConfigurations = (
				DF7025022829666200E91C06 /* Debug */,
				DF7025032829666200E91C06 /* Release */,
			);
			defaultConfigurationIsVisible = 0;
			defaultConfigurationName = Release;
		};
/* End XCConfigurationList section */
	};
	rootObject = DF7024E52829666000E91C06 /* Project object */;
}
